
Microsoft Visual Studio Solution File, Format Version 12.00
# Visual Studio Version 17
VisualStudioVersion = 17.3.32922.545
MinimumVisualStudioVersion = 10.0.40219.1
Project("{888888A0-9F3D-457C-B088-3A5042F75D52}") = "Bai001", "Bai001\Bai001.pyproj", "{EF36C778-3340-41FF-ABE8-005339917971}"
EndProject
Project("{888888A0-9F3D-457C-B088-3A5042F75D52}") = "Bai005", "Bai005\Bai005.pyproj", "{09769C1E-E17F-4FF0-AE54-0DABC44C0920}"
EndProject
Project("{888888A0-9F3D-457C-B088-3A5042F75D52}") = "Bai011", "Bai011\Bai011.pyproj", "{AEE44815-D7BD-4CA1-AEFD-3BBCBA3FEF29}"
EndProject
Project("{888888A0-9F3D-457C-B088-3A5042F75D52}") = "Bai017", "Bai017\Bai017.pyproj", "{F4C45F30-AD10-44B8-80DB-31B10DB14BD2}"
EndProject
Project("{888888A0-9F3D-457C-B088-3A5042F75D52}") = "Bai023", "Bai023\Bai023.pyproj", "{EF5F6B89-18DE-4499-BD66-582B336CA83C}"
EndProject
Project("{888888A0-9F3D-457C-B088-3A5042F75D52}") = "Bai029", "Bai029\Bai029.pyproj", "{1029A844-6FA3-4E5B-81DF-82F41F4905D8}"
EndProject
Project("{888888A0-9F3D-457C-B088-3A5042F75D52}") = "Bai035", "Bai035\Bai035.pyproj", "{29B0D916-67CA-4C6A-9447-8EF5FC21FCD9}"
EndProject
Project("{888888A0-9F3D-457C-B088-3A5042F75D52}") = "Bai041", "Bai041\Bai041.pyproj", "{CAFB4CAF-73B1-4B20-9729-0F84E8A13CF9}"
EndProject
Project("{888888A0-9F3D-457C-B088-3A5042F75D52}") = "Bai047", "Bai047\Bai047.pyproj", "{54D4BD3F-2EF8-4A50-AB59-CA0B0D8EE628}"
EndProject
Project("{888888A0-9F3D-457C-B088-3A5042F75D52}") = "Bai053", "Bai053\Bai053.pyproj", "{85258791-2808-4D10-A067-781CF557A61F}"
EndProject
Project("{888888A0-9F3D-457C-B088-3A5042F75D52}") = "Bai059", "Bai059\Bai059.pyproj", "{002D1525-781C-42FE-87C1-AC6F458831D6}"
EndProject
Project("{888888A0-9F3D-457C-B088-3A5042F75D52}") = "Bai065", "Bai065\Bai065.pyproj", "{BB4780E3-91F6-4C5C-AD89-F09B6CAF509F}"
EndProject
Project("{888888A0-9F3D-457C-B088-3A5042F75D52}") = "Bai071", "Bai071\Bai071.pyproj", "{52673514-EC0A-4A17-BD15-6C9E6F423192}"
EndProject
Project("{888888A0-9F3D-457C-B088-3A5042F75D52}") = "Bai077", "Bai077\Bai077.pyproj", "{A3EBDD48-8B1D-4456-8B9A-2D09AC701B5C}"
EndProject
Project("{888888A0-9F3D-457C-B088-3A5042F75D52}") = "Bai083", "Bai083\Bai083.pyproj", "{CFDF9735-F2C8-4ED2-B6E0-3E62D6F5E603}"
EndProject
Project("{888888A0-9F3D-457C-B088-3A5042F75D52}") = "Bai089", "Bai089\Bai089.pyproj", "{260E05D2-0E20-4971-8C74-633E327E19C6}"
EndProject
Project("{888888A0-9F3D-457C-B088-3A5042F75D52}") = "Bai095", "Bai095\Bai095.pyproj", "{35824157-BCA8-4BB8-908E-CED2FCBFE279}"
EndProject
Project("{888888A0-9F3D-457C-B088-3A5042F75D52}") = "Bai101", "Bai101\Bai101.pyproj", "{CEF288DB-E4D2-4AC7-B56D-F730D15C1939}"
EndProject
Project("{888888A0-9F3D-457C-B088-3A5042F75D52}") = "Bai107", "Bai107\Bai107.pyproj", "{CFEF545B-C6F4-4D89-A27A-AB9AF466DD28}"
EndProject
Project("{888888A0-9F3D-457C-B088-3A5042F75D52}") = "Bai113", "Bai113\Bai113.pyproj", "{267F1EEF-55A5-4F65-AD8C-C21CDC02E7E3}"
EndProject
Project("{888888A0-9F3D-457C-B088-3A5042F75D52}") = "Bai119", "Bai119\Bai119.pyproj", "{2B4F9E08-2965-4622-8B5B-AB6DBEE751B9}"
EndProject
Project("{888888A0-9F3D-457C-B088-3A5042F75D52}") = "Bai125", "Bai125\Bai125.pyproj", "{C4E92C61-0908-416D-ACC0-A578BCABB2C0}"
EndProject
Project("{888888A0-9F3D-457C-B088-3A5042F75D52}") = "Bai131", "Bai131\Bai131.pyproj", "{581AD0E2-C1D6-44AB-8858-861035D2CC25}"
EndProject
Project("{888888A0-9F3D-457C-B088-3A5042F75D52}") = "Bai137", "Bai137\Bai137.pyproj", "{EB723A56-F8E5-4ACD-B37D-FC56E0173690}"
EndProject
Project("{888888A0-9F3D-457C-B088-3A5042F75D52}") = "Bai143", "Bai143\Bai143.pyproj", "{127DB510-14E2-4BF4-9BC6-53B580955687}"
EndProject
Project("{888888A0-9F3D-457C-B088-3A5042F75D52}") = "Bai149", "Bai149\Bai149.pyproj", "{43E171D5-1741-4236-9B92-70DF235F588D}"
EndProject
Project("{888888A0-9F3D-457C-B088-3A5042F75D52}") = "Bai155", "Bai155\Bai155.pyproj", "{9AB72961-572A-4A8F-8237-E3C1028291C5}"
EndProject
Project("{888888A0-9F3D-457C-B088-3A5042F75D52}") = "Bai161", "Bai161\Bai161.pyproj", "{02EFA842-7C2E-435D-8D06-7411E7978F57}"
EndProject
Project("{888888A0-9F3D-457C-B088-3A5042F75D52}") = "Bai167", "Bai167\Bai167.pyproj", "{7A54CB94-5F3C-46C2-9DF2-336DC5A20E72}"
EndProject
Global
	GlobalSection(SolutionConfigurationPlatforms) = preSolution
		Debug|Any CPU = Debug|Any CPU
		Release|Any CPU = Release|Any CPU
	EndGlobalSection
	GlobalSection(ProjectConfigurationPlatforms) = postSolution
		{EF36C778-3340-41FF-ABE8-005339917971}.Debug|Any CPU.ActiveCfg = Debug|Any CPU
		{EF36C778-3340-41FF-ABE8-005339917971}.Release|Any CPU.ActiveCfg = Release|Any CPU
		{09769C1E-E17F-4FF0-AE54-0DABC44C0920}.Debug|Any CPU.ActiveCfg = Debug|Any CPU
		{09769C1E-E17F-4FF0-AE54-0DABC44C0920}.Release|Any CPU.ActiveCfg = Release|Any CPU
		{AEE44815-D7BD-4CA1-AEFD-3BBCBA3FEF29}.Debug|Any CPU.ActiveCfg = Debug|Any CPU
		{AEE44815-D7BD-4CA1-AEFD-3BBCBA3FEF29}.Release|Any CPU.ActiveCfg = Release|Any CPU
		{F4C45F30-AD10-44B8-80DB-31B10DB14BD2}.Debug|Any CPU.ActiveCfg = Debug|Any CPU
		{F4C45F30-AD10-44B8-80DB-31B10DB14BD2}.Release|Any CPU.ActiveCfg = Release|Any CPU
		{EF5F6B89-18DE-4499-BD66-582B336CA83C}.Debug|Any CPU.ActiveCfg = Debug|Any CPU
		{EF5F6B89-18DE-4499-BD66-582B336CA83C}.Release|Any CPU.ActiveCfg = Release|Any CPU
		{1029A844-6FA3-4E5B-81DF-82F41F4905D8}.Debug|Any CPU.ActiveCfg = Debug|Any CPU
		{1029A844-6FA3-4E5B-81DF-82F41F4905D8}.Release|Any CPU.ActiveCfg = Release|Any CPU
		{29B0D916-67CA-4C6A-9447-8EF5FC21FCD9}.Debug|Any CPU.ActiveCfg = Debug|Any CPU
		{29B0D916-67CA-4C6A-9447-8EF5FC21FCD9}.Release|Any CPU.ActiveCfg = Release|Any CPU
		{CAFB4CAF-73B1-4B20-9729-0F84E8A13CF9}.Debug|Any CPU.ActiveCfg = Debug|Any CPU
		{CAFB4CAF-73B1-4B20-9729-0F84E8A13CF9}.Release|Any CPU.ActiveCfg = Release|Any CPU
		{54D4BD3F-2EF8-4A50-AB59-CA0B0D8EE628}.Debug|Any CPU.ActiveCfg = Debug|Any CPU
		{54D4BD3F-2EF8-4A50-AB59-CA0B0D8EE628}.Release|Any CPU.ActiveCfg = Release|Any CPU
		{85258791-2808-4D10-A067-781CF557A61F}.Debug|Any CPU.ActiveCfg = Debug|Any CPU
		{85258791-2808-4D10-A067-781CF557A61F}.Release|Any CPU.ActiveCfg = Release|Any CPU
		{002D1525-781C-42FE-87C1-AC6F458831D6}.Debug|Any CPU.ActiveCfg = Debug|Any CPU
		{002D1525-781C-42FE-87C1-AC6F458831D6}.Release|Any CPU.ActiveCfg = Release|Any CPU
		{BB4780E3-91F6-4C5C-AD89-F09B6CAF509F}.Debug|Any CPU.ActiveCfg = Debug|Any CPU
		{BB4780E3-91F6-4C5C-AD89-F09B6CAF509F}.Release|Any CPU.ActiveCfg = Release|Any CPU
		{52673514-EC0A-4A17-BD15-6C9E6F423192}.Debug|Any CPU.ActiveCfg = Debug|Any CPU
		{52673514-EC0A-4A17-BD15-6C9E6F423192}.Release|Any CPU.ActiveCfg = Release|Any CPU
		{A3EBDD48-8B1D-4456-8B9A-2D09AC701B5C}.Debug|Any CPU.ActiveCfg = Debug|Any CPU
		{A3EBDD48-8B1D-4456-8B9A-2D09AC701B5C}.Release|Any CPU.ActiveCfg = Release|Any CPU
		{CFDF9735-F2C8-4ED2-B6E0-3E62D6F5E603}.Debug|Any CPU.ActiveCfg = Debug|Any CPU
		{CFDF9735-F2C8-4ED2-B6E0-3E62D6F5E603}.Release|Any CPU.ActiveCfg = Release|Any CPU
		{260E05D2-0E20-4971-8C74-633E327E19C6}.Debug|Any CPU.ActiveCfg = Debug|Any CPU
		{260E05D2-0E20-4971-8C74-633E327E19C6}.Release|Any CPU.ActiveCfg = Release|Any CPU
		{35824157-BCA8-4BB8-908E-CED2FCBFE279}.Debug|Any CPU.ActiveCfg = Debug|Any CPU
		{35824157-BCA8-4BB8-908E-CED2FCBFE279}.Release|Any CPU.ActiveCfg = Release|Any CPU
		{CEF288DB-E4D2-4AC7-B56D-F730D15C1939}.Debug|Any CPU.ActiveCfg = Debug|Any CPU
		{CEF288DB-E4D2-4AC7-B56D-F730D15C1939}.Release|Any CPU.ActiveCfg = Release|Any CPU
		{CFEF545B-C6F4-4D89-A27A-AB9AF466DD28}.Debug|Any CPU.ActiveCfg = Debug|Any CPU
		{CFEF545B-C6F4-4D89-A27A-AB9AF466DD28}.Release|Any CPU.ActiveCfg = Release|Any CPU
		{267F1EEF-55A5-4F65-AD8C-C21CDC02E7E3}.Debug|Any CPU.ActiveCfg = Debug|Any CPU
		{267F1EEF-55A5-4F65-AD8C-C21CDC02E7E3}.Release|Any CPU.ActiveCfg = Release|Any CPU
		{2B4F9E08-2965-4622-8B5B-AB6DBEE751B9}.Debug|Any CPU.ActiveCfg = Debug|Any CPU
		{2B4F9E08-2965-4622-8B5B-AB6DBEE751B9}.Release|Any CPU.ActiveCfg = Release|Any CPU
		{C4E92C61-0908-416D-ACC0-A578BCABB2C0}.Debug|Any CPU.ActiveCfg = Debug|Any CPU
		{C4E92C61-0908-416D-ACC0-A578BCABB2C0}.Release|Any CPU.ActiveCfg = Release|Any CPU
		{581AD0E2-C1D6-44AB-8858-861035D2CC25}.Debug|Any CPU.ActiveCfg = Debug|Any CPU
		{581AD0E2-C1D6-44AB-8858-861035D2CC25}.Release|Any CPU.ActiveCfg = Release|Any CPU
		{EB723A56-F8E5-4ACD-B37D-FC56E0173690}.Debug|Any CPU.ActiveCfg = Debug|Any CPU
		{EB723A56-F8E5-4ACD-B37D-FC56E0173690}.Release|Any CPU.ActiveCfg = Release|Any CPU
		{127DB510-14E2-4BF4-9BC6-53B580955687}.Debug|Any CPU.ActiveCfg = Debug|Any CPU
		{127DB510-14E2-4BF4-9BC6-53B580955687}.Release|Any CPU.ActiveCfg = Release|Any CPU
		{43E171D5-1741-4236-9B92-70DF235F588D}.Debug|Any CPU.ActiveCfg = Debug|Any CPU
		{43E171D5-1741-4236-9B92-70DF235F588D}.Release|Any CPU.ActiveCfg = Release|Any CPU
		{9AB72961-572A-4A8F-8237-E3C1028291C5}.Debug|Any CPU.ActiveCfg = Debug|Any CPU
		{9AB72961-572A-4A8F-8237-E3C1028291C5}.Release|Any CPU.ActiveCfg = Release|Any CPU
		{02EFA842-7C2E-435D-8D06-7411E7978F57}.Debug|Any CPU.ActiveCfg = Debug|Any CPU
		{02EFA842-7C2E-435D-8D06-7411E7978F57}.Release|Any CPU.ActiveCfg = Release|Any CPU
		{7A54CB94-5F3C-46C2-9DF2-336DC5A20E72}.Debug|Any CPU.ActiveCfg = Debug|Any CPU
		{7A54CB94-5F3C-46C2-9DF2-336DC5A20E72}.Release|Any CPU.ActiveCfg = Release|Any CPU
	EndGlobalSection
	GlobalSection(SolutionProperties) = preSolution
		HideSolutionNode = FALSE
	EndGlobalSection
	GlobalSection(ExtensibilityGlobals) = postSolution
		SolutionGuid = {8FAFC511-7F3B-49D3-AEE3-E202C83BF5B2}
	EndGlobalSection
EndGlobal
