
Microsoft Visual Studio Solution File, Format Version 12.00
# Visual Studio Version 17
VisualStudioVersion = 17.4.33213.308
MinimumVisualStudioVersion = 10.0.40219.1
Project("{888888A0-9F3D-457C-B088-3A5042F75D52}") = "Hello", "Hello\Hello.pyproj", "{7D4A665E-4D08-47FC-84EA-C110C72B2BDE}"
EndProject
Project("{888888A0-9F3D-457C-B088-3A5042F75D52}") = "Bai003", "Bai003\Bai003.pyproj", "{88496D01-BE5E-43F8-A1E4-622408D47865}"
EndProject
Project("{888888A0-9F3D-457C-B088-3A5042F75D52}") = "Bai002", "Bai002\Bai002.pyproj", "{BBA7A484-DEE7-4620-B060-5C9187132EB3}"
EndProject
Project("{888888A0-9F3D-457C-B088-3A5042F75D52}") = "Bai008", "Bai008\Bai008.pyproj", "{BF75EEB6-8BFE-40C9-88FF-29E44C34BCE2}"
EndProject
Project("{888888A0-9F3D-457C-B088-3A5042F75D52}") = "Bai014", "Bai014\Bai014.pyproj", "{7815AA40-67CF-47EA-A1F0-F88827C0EF4D}"
EndProject
Project("{888888A0-9F3D-457C-B088-3A5042F75D52}") = "Bai020", "Bai20\Bai020.pyproj", "{E4402C56-B375-4EC1-BFFD-A74CEBD455B0}"
EndProject
Project("{888888A0-9F3D-457C-B088-3A5042F75D52}") = "Bai026", "Bai026\Bai026.pyproj", "{C0A84D24-B705-4CA5-85D3-1882B1F4EB44}"
EndProject
Project("{888888A0-9F3D-457C-B088-3A5042F75D52}") = "Bai032", "Bai032\Bai032.pyproj", "{20DE1622-694E-47A0-83B7-7F3092915576}"
EndProject
Project("{888888A0-9F3D-457C-B088-3A5042F75D52}") = "Bai038", "Bai038\Bai038.pyproj", "{699C717C-77B4-4AB8-888A-6F6033284A1A}"
EndProject
Project("{888888A0-9F3D-457C-B088-3A5042F75D52}") = "Bai044", "Bai044\Bai044.pyproj", "{958A52E4-8E24-4D69-AD09-73CA34AD462F}"
EndProject
Project("{888888A0-9F3D-457C-B088-3A5042F75D52}") = "Bai050", "Bai050\Bai050.pyproj", "{24E09359-9226-4C78-A989-A8B91F765561}"
EndProject
Project("{888888A0-9F3D-457C-B088-3A5042F75D52}") = "Bai009", "Bai009\Bai009.pyproj", "{36B7713F-65CC-4109-942B-70684C78D7C2}"
EndProject
Project("{888888A0-9F3D-457C-B088-3A5042F75D52}") = "Bai015", "Bai015\Bai015.pyproj", "{5BDF6B4C-04B2-4AE1-ABD1-1A416CBCE0FF}"
EndProject
Project("{888888A0-9F3D-457C-B088-3A5042F75D52}") = "Bai021", "Bai021\Bai021.pyproj", "{23C8B9A4-89A9-40A2-BE4F-BB1801C1E502}"
EndProject
Project("{888888A0-9F3D-457C-B088-3A5042F75D52}") = "Bai027", "Bai027\Bai027.pyproj", "{3418AB2F-6BB5-4692-8DD2-BA314FF759CC}"
EndProject
Project("{888888A0-9F3D-457C-B088-3A5042F75D52}") = "Bai033", "Bai033\Bai033.pyproj", "{6E61FC09-596D-4837-8E44-75E01277D874}"
EndProject
Project("{888888A0-9F3D-457C-B088-3A5042F75D52}") = "Bai039", "Bai039\Bai039.pyproj", "{6C403205-39F8-4B5B-A657-1E64458BC06A}"
EndProject
Project("{888888A0-9F3D-457C-B088-3A5042F75D52}") = "Bai045", "Bai045\Bai045.pyproj", "{15861BEB-CC44-4918-92D0-29B35921C0E4}"
EndProject
Project("{888888A0-9F3D-457C-B088-3A5042F75D52}") = "Bai051", "Bai051\Bai051.pyproj", "{E59136CF-52D1-4FFD-B676-D8B20BD66CDE}"
EndProject
Project("{888888A0-9F3D-457C-B088-3A5042F75D52}") = "Bai110", "Bai110\Bai110.pyproj", "{CCCF7DB9-B7E9-438D-B8CA-911C0905EBB5}"
EndProject
Project("{888888A0-9F3D-457C-B088-3A5042F75D52}") = "Bai057", "Bai057\Bai057.pyproj", "{7BEA5CEB-DFCF-455E-BEFD-2263D4E3E29B}"
EndProject
Project("{888888A0-9F3D-457C-B088-3A5042F75D52}") = "Bai004", "Bai004\Bai004.pyproj", "{6F4E6040-6BEB-4E9E-A773-F95F05E9E8DD}"
EndProject
Project("{888888A0-9F3D-457C-B088-3A5042F75D52}") = "Bai010", "Bai010\Bai010.pyproj", "{9C90BE3A-B552-4755-9CB8-7ECC6C14C533}"
EndProject
Project("{888888A0-9F3D-457C-B088-3A5042F75D52}") = "Bai016", "Bai016\Bai016.pyproj", "{8B85A48D-AC86-49D2-BB27-17CB205827EB}"
EndProject
Project("{888888A0-9F3D-457C-B088-3A5042F75D52}") = "Bai022", "Bai022\Bai022.pyproj", "{1E3E6D42-1840-4E2A-96AE-7D045A7CF727}"
EndProject
Project("{888888A0-9F3D-457C-B088-3A5042F75D52}") = "Bai028", "Bai028\Bai028.pyproj", "{0CDBD4F7-CC89-42DC-B6E1-774FFE1B93AB}"
EndProject
Project("{888888A0-9F3D-457C-B088-3A5042F75D52}") = "Bai034", "Bai034\Bai034.pyproj", "{6AB65A94-05EB-405A-9733-3B26E1ADA0F2}"
EndProject
Project("{888888A0-9F3D-457C-B088-3A5042F75D52}") = "Bai040", "Bai040\Bai040.pyproj", "{378C0009-C2F9-4A0E-BBA1-D1313721C669}"
EndProject
Project("{888888A0-9F3D-457C-B088-3A5042F75D52}") = "Bai046", "Bai046\Bai046.pyproj", "{23B61768-2BD8-4E08-A702-34E1BE395619}"
EndProject
Project("{888888A0-9F3D-457C-B088-3A5042F75D52}") = "Bai052", "Bai052\Bai052.pyproj", "{C1B2237C-07C4-4AE8-A62D-4D1B258B3962}"
EndProject
Project("{888888A0-9F3D-457C-B088-3A5042F75D52}") = "Bai058", "Bai058\Bai058.pyproj", "{B062D657-B27B-4D6C-ADBC-C76788FEB705}"
EndProject
Project("{888888A0-9F3D-457C-B088-3A5042F75D52}") = "Bai064", "Bai064\Bai064.pyproj", "{5A20E377-F656-489E-A07C-8711EBCE1EFB}"
EndProject
Project("{888888A0-9F3D-457C-B088-3A5042F75D52}") = "Bai070", "Bai070\Bai070.pyproj", "{D20F1169-D597-4DCB-AB25-C139F1CFC214}"
EndProject
Project("{888888A0-9F3D-457C-B088-3A5042F75D52}") = "Bai076", "Bai076\Bai076.pyproj", "{99B9BB41-7124-4846-9CD7-102227CF324C}"
EndProject
Project("{888888A0-9F3D-457C-B088-3A5042F75D52}") = "Bai082", "Bai082\Bai082.pyproj", "{06102D25-AEAC-4AFD-AEBA-D547A13FAFCE}"
EndProject
Project("{888888A0-9F3D-457C-B088-3A5042F75D52}") = "Bai088", "Bai088\Bai088.pyproj", "{83CA682D-FC02-4B4B-8D5F-70CA08CE459E}"
EndProject
Project("{888888A0-9F3D-457C-B088-3A5042F75D52}") = "Bai094", "Bai094\Bai094.pyproj", "{5A81C843-194C-4442-BB86-53E707A7C5A9}"
EndProject
Project("{888888A0-9F3D-457C-B088-3A5042F75D52}") = "Bai100", "Bai100\Bai100.pyproj", "{D32E9897-FF69-41A5-89C2-C747966305F2}"
EndProject
Project("{888888A0-9F3D-457C-B088-3A5042F75D52}") = "Bai106", "Bai106\Bai106.pyproj", "{96017F7F-EA9F-485B-9F41-4A3E3D79BE76}"
EndProject
Project("{888888A0-9F3D-457C-B088-3A5042F75D52}") = "Bai112", "Bai112\Bai112.pyproj", "{60F8154A-403A-48BB-8305-AD66E72D76B4}"
EndProject
Project("{888888A0-9F3D-457C-B088-3A5042F75D52}") = "Bai118", "Bai118\Bai118.pyproj", "{201CB3E5-1663-4F72-834B-06E87D9D2F87}"
EndProject
Project("{888888A0-9F3D-457C-B088-3A5042F75D52}") = "Bai124", "Bai124\Bai124.pyproj", "{0ADB51A1-D042-43EF-B19E-9C9439635381}"
EndProject
Project("{888888A0-9F3D-457C-B088-3A5042F75D52}") = "Bai130", "Bai130\Bai130.pyproj", "{6C3DCEA8-8F48-491D-81DE-0C4AAEADAA95}"
EndProject
Project("{888888A0-9F3D-457C-B088-3A5042F75D52}") = "Bai136", "Bai136\Bai136.pyproj", "{792356C5-113D-42A2-AA6A-B88A1E9C6A17}"
EndProject
Project("{888888A0-9F3D-457C-B088-3A5042F75D52}") = "Bai142", "Bai142\Bai142.pyproj", "{0A255551-4F2E-4B27-A1E9-CD87E7302CF3}"
EndProject
Project("{888888A0-9F3D-457C-B088-3A5042F75D52}") = "Bai063", "Bai063\Bai063.pyproj", "{9186E7EB-5187-4DFF-A5F5-DAE888DA73C6}"
EndProject
Project("{888888A0-9F3D-457C-B088-3A5042F75D52}") = "Bai069", "Bai069\Bai069.pyproj", "{1BE4C5DD-E19D-4A03-8632-F0A6793D7F8D}"
EndProject
Project("{888888A0-9F3D-457C-B088-3A5042F75D52}") = "Bai116", "Bai116\Bai116.pyproj", "{07CFE278-6BAF-4546-9FF0-7A5B8E4E8A70}"
EndProject
Project("{888888A0-9F3D-457C-B088-3A5042F75D52}") = "Bai122", "Bai122\Bai122.pyproj", "{30428688-9A28-44DC-BBCF-C17A862B1282}"
EndProject
Project("{888888A0-9F3D-457C-B088-3A5042F75D52}") = "Bai128", "Bai128\Bai128.pyproj", "{768BA767-1767-45CA-AC66-9903F08D958D}"
EndProject
Project("{888888A0-9F3D-457C-B088-3A5042F75D52}") = "Bai134", "Bai134\Bai134.pyproj", "{FB9B921B-0219-4943-8357-4EA7B713BAA8}"
EndProject
Project("{888888A0-9F3D-457C-B088-3A5042F75D52}") = "Bai140", "Bai140\Bai140.pyproj", "{BDB1318C-A228-4844-8C2A-6F1B82201D10}"
EndProject
Project("{888888A0-9F3D-457C-B088-3A5042F75D52}") = "Bai146", "Bai146\Bai146.pyproj", "{81F966BF-3DFF-464E-BCC9-BE7D331DF932}"
EndProject
Project("{888888A0-9F3D-457C-B088-3A5042F75D52}") = "Bai152", "Bai152\Bai152.pyproj", "{943FE0A4-9DC6-44AE-A17E-8833AFA0CB4A}"
EndProject
Project("{888888A0-9F3D-457C-B088-3A5042F75D52}") = "Bai158", "Bai158\Bai158.pyproj", "{800AC4AB-FEA0-4F48-90E0-E811DACAB264}"
EndProject
Project("{888888A0-9F3D-457C-B088-3A5042F75D52}") = "Bai164", "Bai164\Bai164.pyproj", "{A441E860-7D44-4E1B-9937-8B9D9ED4604C}"
EndProject
Project("{888888A0-9F3D-457C-B088-3A5042F75D52}") = "Bai075", "Bai075\Bai075.pyproj", "{B3FCB40D-1CCC-4C98-883D-98ABA4E3FA83}"
EndProject
Project("{888888A0-9F3D-457C-B088-3A5042F75D52}") = "Bai081", "Bai081\Bai081.pyproj", "{EAFDD587-EC1C-44E5-8C2F-3DE1EFC977B7}"
EndProject
Project("{888888A0-9F3D-457C-B088-3A5042F75D52}") = "Bai087", "Bai087\Bai087.pyproj", "{6874F8C3-9AF6-4D8F-AB6F-41A3EC9CF673}"
EndProject
Project("{888888A0-9F3D-457C-B088-3A5042F75D52}") = "Bai093", "Bai093\Bai093.pyproj", "{51E702D3-44A0-4ABC-A28F-AA5E677FD08F}"
EndProject
Project("{888888A0-9F3D-457C-B088-3A5042F75D52}") = "Bai099", "Bai099\Bai099.pyproj", "{4E00BBB9-1EA0-47E4-A0C1-5729EE038E94}"
EndProject
Project("{888888A0-9F3D-457C-B088-3A5042F75D52}") = "Bai001", "Bai001\Bai001.pyproj", "{A9D06842-2888-4111-A931-4B6FA13784F3}"
EndProject
Global
	GlobalSection(SolutionConfigurationPlatforms) = preSolution
		Debug|Any CPU = Debug|Any CPU
		Release|Any CPU = Release|Any CPU
	EndGlobalSection
	GlobalSection(ProjectConfigurationPlatforms) = postSolution
		{7D4A665E-4D08-47FC-84EA-C110C72B2BDE}.Debug|Any CPU.ActiveCfg = Debug|Any CPU
		{7D4A665E-4D08-47FC-84EA-C110C72B2BDE}.Release|Any CPU.ActiveCfg = Release|Any CPU
		{88496D01-BE5E-43F8-A1E4-622408D47865}.Debug|Any CPU.ActiveCfg = Debug|Any CPU
		{88496D01-BE5E-43F8-A1E4-622408D47865}.Release|Any CPU.ActiveCfg = Release|Any CPU
		{BBA7A484-DEE7-4620-B060-5C9187132EB3}.Debug|Any CPU.ActiveCfg = Debug|Any CPU
		{BBA7A484-DEE7-4620-B060-5C9187132EB3}.Release|Any CPU.ActiveCfg = Release|Any CPU
		{BF75EEB6-8BFE-40C9-88FF-29E44C34BCE2}.Debug|Any CPU.ActiveCfg = Debug|Any CPU
		{BF75EEB6-8BFE-40C9-88FF-29E44C34BCE2}.Release|Any CPU.ActiveCfg = Release|Any CPU
		{7815AA40-67CF-47EA-A1F0-F88827C0EF4D}.Debug|Any CPU.ActiveCfg = Debug|Any CPU
		{7815AA40-67CF-47EA-A1F0-F88827C0EF4D}.Release|Any CPU.ActiveCfg = Release|Any CPU
		{E4402C56-B375-4EC1-BFFD-A74CEBD455B0}.Debug|Any CPU.ActiveCfg = Debug|Any CPU
		{E4402C56-B375-4EC1-BFFD-A74CEBD455B0}.Release|Any CPU.ActiveCfg = Release|Any CPU
		{C0A84D24-B705-4CA5-85D3-1882B1F4EB44}.Debug|Any CPU.ActiveCfg = Debug|Any CPU
		{C0A84D24-B705-4CA5-85D3-1882B1F4EB44}.Release|Any CPU.ActiveCfg = Release|Any CPU
		{20DE1622-694E-47A0-83B7-7F3092915576}.Debug|Any CPU.ActiveCfg = Debug|Any CPU
		{20DE1622-694E-47A0-83B7-7F3092915576}.Release|Any CPU.ActiveCfg = Release|Any CPU
		{699C717C-77B4-4AB8-888A-6F6033284A1A}.Debug|Any CPU.ActiveCfg = Debug|Any CPU
		{699C717C-77B4-4AB8-888A-6F6033284A1A}.Release|Any CPU.ActiveCfg = Release|Any CPU
		{958A52E4-8E24-4D69-AD09-73CA34AD462F}.Debug|Any CPU.ActiveCfg = Debug|Any CPU
		{958A52E4-8E24-4D69-AD09-73CA34AD462F}.Release|Any CPU.ActiveCfg = Release|Any CPU
		{24E09359-9226-4C78-A989-A8B91F765561}.Debug|Any CPU.ActiveCfg = Debug|Any CPU
		{24E09359-9226-4C78-A989-A8B91F765561}.Release|Any CPU.ActiveCfg = Release|Any CPU
		{36B7713F-65CC-4109-942B-70684C78D7C2}.Debug|Any CPU.ActiveCfg = Debug|Any CPU
		{36B7713F-65CC-4109-942B-70684C78D7C2}.Release|Any CPU.ActiveCfg = Release|Any CPU
		{5BDF6B4C-04B2-4AE1-ABD1-1A416CBCE0FF}.Debug|Any CPU.ActiveCfg = Debug|Any CPU
		{5BDF6B4C-04B2-4AE1-ABD1-1A416CBCE0FF}.Release|Any CPU.ActiveCfg = Release|Any CPU
		{23C8B9A4-89A9-40A2-BE4F-BB1801C1E502}.Debug|Any CPU.ActiveCfg = Debug|Any CPU
		{23C8B9A4-89A9-40A2-BE4F-BB1801C1E502}.Release|Any CPU.ActiveCfg = Release|Any CPU
		{3418AB2F-6BB5-4692-8DD2-BA314FF759CC}.Debug|Any CPU.ActiveCfg = Debug|Any CPU
		{3418AB2F-6BB5-4692-8DD2-BA314FF759CC}.Release|Any CPU.ActiveCfg = Release|Any CPU
		{6E61FC09-596D-4837-8E44-75E01277D874}.Debug|Any CPU.ActiveCfg = Debug|Any CPU
		{6E61FC09-596D-4837-8E44-75E01277D874}.Release|Any CPU.ActiveCfg = Release|Any CPU
		{6C403205-39F8-4B5B-A657-1E64458BC06A}.Debug|Any CPU.ActiveCfg = Debug|Any CPU
		{6C403205-39F8-4B5B-A657-1E64458BC06A}.Release|Any CPU.ActiveCfg = Release|Any CPU
		{15861BEB-CC44-4918-92D0-29B35921C0E4}.Debug|Any CPU.ActiveCfg = Debug|Any CPU
		{15861BEB-CC44-4918-92D0-29B35921C0E4}.Release|Any CPU.ActiveCfg = Release|Any CPU
		{E59136CF-52D1-4FFD-B676-D8B20BD66CDE}.Debug|Any CPU.ActiveCfg = Debug|Any CPU
		{E59136CF-52D1-4FFD-B676-D8B20BD66CDE}.Release|Any CPU.ActiveCfg = Release|Any CPU
		{CCCF7DB9-B7E9-438D-B8CA-911C0905EBB5}.Debug|Any CPU.ActiveCfg = Debug|Any CPU
		{CCCF7DB9-B7E9-438D-B8CA-911C0905EBB5}.Release|Any CPU.ActiveCfg = Release|Any CPU
		{7BEA5CEB-DFCF-455E-BEFD-2263D4E3E29B}.Debug|Any CPU.ActiveCfg = Debug|Any CPU
		{7BEA5CEB-DFCF-455E-BEFD-2263D4E3E29B}.Release|Any CPU.ActiveCfg = Release|Any CPU
		{6F4E6040-6BEB-4E9E-A773-F95F05E9E8DD}.Debug|Any CPU.ActiveCfg = Debug|Any CPU
		{6F4E6040-6BEB-4E9E-A773-F95F05E9E8DD}.Release|Any CPU.ActiveCfg = Release|Any CPU
		{9C90BE3A-B552-4755-9CB8-7ECC6C14C533}.Debug|Any CPU.ActiveCfg = Debug|Any CPU
		{9C90BE3A-B552-4755-9CB8-7ECC6C14C533}.Release|Any CPU.ActiveCfg = Release|Any CPU
		{8B85A48D-AC86-49D2-BB27-17CB205827EB}.Debug|Any CPU.ActiveCfg = Debug|Any CPU
		{8B85A48D-AC86-49D2-BB27-17CB205827EB}.Release|Any CPU.ActiveCfg = Release|Any CPU
		{1E3E6D42-1840-4E2A-96AE-7D045A7CF727}.Debug|Any CPU.ActiveCfg = Debug|Any CPU
		{1E3E6D42-1840-4E2A-96AE-7D045A7CF727}.Release|Any CPU.ActiveCfg = Release|Any CPU
		{0CDBD4F7-CC89-42DC-B6E1-774FFE1B93AB}.Debug|Any CPU.ActiveCfg = Debug|Any CPU
		{0CDBD4F7-CC89-42DC-B6E1-774FFE1B93AB}.Release|Any CPU.ActiveCfg = Release|Any CPU
		{6AB65A94-05EB-405A-9733-3B26E1ADA0F2}.Debug|Any CPU.ActiveCfg = Debug|Any CPU
		{6AB65A94-05EB-405A-9733-3B26E1ADA0F2}.Release|Any CPU.ActiveCfg = Release|Any CPU
		{378C0009-C2F9-4A0E-BBA1-D1313721C669}.Debug|Any CPU.ActiveCfg = Debug|Any CPU
		{378C0009-C2F9-4A0E-BBA1-D1313721C669}.Release|Any CPU.ActiveCfg = Release|Any CPU
		{23B61768-2BD8-4E08-A702-34E1BE395619}.Debug|Any CPU.ActiveCfg = Debug|Any CPU
		{23B61768-2BD8-4E08-A702-34E1BE395619}.Release|Any CPU.ActiveCfg = Release|Any CPU
		{C1B2237C-07C4-4AE8-A62D-4D1B258B3962}.Debug|Any CPU.ActiveCfg = Debug|Any CPU
		{C1B2237C-07C4-4AE8-A62D-4D1B258B3962}.Release|Any CPU.ActiveCfg = Release|Any CPU
		{B062D657-B27B-4D6C-ADBC-C76788FEB705}.Debug|Any CPU.ActiveCfg = Debug|Any CPU
		{B062D657-B27B-4D6C-ADBC-C76788FEB705}.Release|Any CPU.ActiveCfg = Release|Any CPU
		{5A20E377-F656-489E-A07C-8711EBCE1EFB}.Debug|Any CPU.ActiveCfg = Debug|Any CPU
		{5A20E377-F656-489E-A07C-8711EBCE1EFB}.Release|Any CPU.ActiveCfg = Release|Any CPU
		{D20F1169-D597-4DCB-AB25-C139F1CFC214}.Debug|Any CPU.ActiveCfg = Debug|Any CPU
		{D20F1169-D597-4DCB-AB25-C139F1CFC214}.Release|Any CPU.ActiveCfg = Release|Any CPU
		{99B9BB41-7124-4846-9CD7-102227CF324C}.Debug|Any CPU.ActiveCfg = Debug|Any CPU
		{99B9BB41-7124-4846-9CD7-102227CF324C}.Release|Any CPU.ActiveCfg = Release|Any CPU
		{06102D25-AEAC-4AFD-AEBA-D547A13FAFCE}.Debug|Any CPU.ActiveCfg = Debug|Any CPU
		{06102D25-AEAC-4AFD-AEBA-D547A13FAFCE}.Release|Any CPU.ActiveCfg = Release|Any CPU
		{83CA682D-FC02-4B4B-8D5F-70CA08CE459E}.Debug|Any CPU.ActiveCfg = Debug|Any CPU
		{83CA682D-FC02-4B4B-8D5F-70CA08CE459E}.Release|Any CPU.ActiveCfg = Release|Any CPU
		{5A81C843-194C-4442-BB86-53E707A7C5A9}.Debug|Any CPU.ActiveCfg = Debug|Any CPU
		{5A81C843-194C-4442-BB86-53E707A7C5A9}.Release|Any CPU.ActiveCfg = Release|Any CPU
		{D32E9897-FF69-41A5-89C2-C747966305F2}.Debug|Any CPU.ActiveCfg = Debug|Any CPU
		{D32E9897-FF69-41A5-89C2-C747966305F2}.Release|Any CPU.ActiveCfg = Release|Any CPU
		{96017F7F-EA9F-485B-9F41-4A3E3D79BE76}.Debug|Any CPU.ActiveCfg = Debug|Any CPU
		{96017F7F-EA9F-485B-9F41-4A3E3D79BE76}.Release|Any CPU.ActiveCfg = Release|Any CPU
		{60F8154A-403A-48BB-8305-AD66E72D76B4}.Debug|Any CPU.ActiveCfg = Debug|Any CPU
		{60F8154A-403A-48BB-8305-AD66E72D76B4}.Release|Any CPU.ActiveCfg = Release|Any CPU
		{201CB3E5-1663-4F72-834B-06E87D9D2F87}.Debug|Any CPU.ActiveCfg = Debug|Any CPU
		{201CB3E5-1663-4F72-834B-06E87D9D2F87}.Release|Any CPU.ActiveCfg = Release|Any CPU
		{0ADB51A1-D042-43EF-B19E-9C9439635381}.Debug|Any CPU.ActiveCfg = Debug|Any CPU
		{0ADB51A1-D042-43EF-B19E-9C9439635381}.Release|Any CPU.ActiveCfg = Release|Any CPU
		{6C3DCEA8-8F48-491D-81DE-0C4AAEADAA95}.Debug|Any CPU.ActiveCfg = Debug|Any CPU
		{6C3DCEA8-8F48-491D-81DE-0C4AAEADAA95}.Release|Any CPU.ActiveCfg = Release|Any CPU
		{792356C5-113D-42A2-AA6A-B88A1E9C6A17}.Debug|Any CPU.ActiveCfg = Debug|Any CPU
		{792356C5-113D-42A2-AA6A-B88A1E9C6A17}.Release|Any CPU.ActiveCfg = Release|Any CPU
		{0A255551-4F2E-4B27-A1E9-CD87E7302CF3}.Debug|Any CPU.ActiveCfg = Debug|Any CPU
		{0A255551-4F2E-4B27-A1E9-CD87E7302CF3}.Release|Any CPU.ActiveCfg = Release|Any CPU
		{9186E7EB-5187-4DFF-A5F5-DAE888DA73C6}.Debug|Any CPU.ActiveCfg = Debug|Any CPU
		{9186E7EB-5187-4DFF-A5F5-DAE888DA73C6}.Release|Any CPU.ActiveCfg = Release|Any CPU
		{1BE4C5DD-E19D-4A03-8632-F0A6793D7F8D}.Debug|Any CPU.ActiveCfg = Debug|Any CPU
		{1BE4C5DD-E19D-4A03-8632-F0A6793D7F8D}.Release|Any CPU.ActiveCfg = Release|Any CPU
		{07CFE278-6BAF-4546-9FF0-7A5B8E4E8A70}.Debug|Any CPU.ActiveCfg = Debug|Any CPU
		{07CFE278-6BAF-4546-9FF0-7A5B8E4E8A70}.Release|Any CPU.ActiveCfg = Release|Any CPU
		{30428688-9A28-44DC-BBCF-C17A862B1282}.Debug|Any CPU.ActiveCfg = Debug|Any CPU
		{30428688-9A28-44DC-BBCF-C17A862B1282}.Release|Any CPU.ActiveCfg = Release|Any CPU
		{768BA767-1767-45CA-AC66-9903F08D958D}.Debug|Any CPU.ActiveCfg = Debug|Any CPU
		{768BA767-1767-45CA-AC66-9903F08D958D}.Release|Any CPU.ActiveCfg = Release|Any CPU
		{FB9B921B-0219-4943-8357-4EA7B713BAA8}.Debug|Any CPU.ActiveCfg = Debug|Any CPU
		{FB9B921B-0219-4943-8357-4EA7B713BAA8}.Release|Any CPU.ActiveCfg = Release|Any CPU
		{BDB1318C-A228-4844-8C2A-6F1B82201D10}.Debug|Any CPU.ActiveCfg = Debug|Any CPU
		{BDB1318C-A228-4844-8C2A-6F1B82201D10}.Release|Any CPU.ActiveCfg = Release|Any CPU
		{81F966BF-3DFF-464E-BCC9-BE7D331DF932}.Debug|Any CPU.ActiveCfg = Debug|Any CPU
		{81F966BF-3DFF-464E-BCC9-BE7D331DF932}.Release|Any CPU.ActiveCfg = Release|Any CPU
		{943FE0A4-9DC6-44AE-A17E-8833AFA0CB4A}.Debug|Any CPU.ActiveCfg = Debug|Any CPU
		{943FE0A4-9DC6-44AE-A17E-8833AFA0CB4A}.Release|Any CPU.ActiveCfg = Release|Any CPU
		{800AC4AB-FEA0-4F48-90E0-E811DACAB264}.Debug|Any CPU.ActiveCfg = Debug|Any CPU
		{800AC4AB-FEA0-4F48-90E0-E811DACAB264}.Release|Any CPU.ActiveCfg = Release|Any CPU
		{A441E860-7D44-4E1B-9937-8B9D9ED4604C}.Debug|Any CPU.ActiveCfg = Debug|Any CPU
		{A441E860-7D44-4E1B-9937-8B9D9ED4604C}.Release|Any CPU.ActiveCfg = Release|Any CPU
		{B3FCB40D-1CCC-4C98-883D-98ABA4E3FA83}.Debug|Any CPU.ActiveCfg = Debug|Any CPU
		{B3FCB40D-1CCC-4C98-883D-98ABA4E3FA83}.Release|Any CPU.ActiveCfg = Release|Any CPU
		{EAFDD587-EC1C-44E5-8C2F-3DE1EFC977B7}.Debug|Any CPU.ActiveCfg = Debug|Any CPU
		{EAFDD587-EC1C-44E5-8C2F-3DE1EFC977B7}.Release|Any CPU.ActiveCfg = Release|Any CPU
		{6874F8C3-9AF6-4D8F-AB6F-41A3EC9CF673}.Debug|Any CPU.ActiveCfg = Debug|Any CPU
		{6874F8C3-9AF6-4D8F-AB6F-41A3EC9CF673}.Release|Any CPU.ActiveCfg = Release|Any CPU
		{51E702D3-44A0-4ABC-A28F-AA5E677FD08F}.Debug|Any CPU.ActiveCfg = Debug|Any CPU
		{51E702D3-44A0-4ABC-A28F-AA5E677FD08F}.Release|Any CPU.ActiveCfg = Release|Any CPU
		{4E00BBB9-1EA0-47E4-A0C1-5729EE038E94}.Debug|Any CPU.ActiveCfg = Debug|Any CPU
		{4E00BBB9-1EA0-47E4-A0C1-5729EE038E94}.Release|Any CPU.ActiveCfg = Release|Any CPU
		{A9D06842-2888-4111-A931-4B6FA13784F3}.Debug|Any CPU.ActiveCfg = Debug|Any CPU
		{A9D06842-2888-4111-A931-4B6FA13784F3}.Release|Any CPU.ActiveCfg = Release|Any CPU
	EndGlobalSection
	GlobalSection(SolutionProperties) = preSolution
		HideSolutionNode = FALSE
	EndGlobalSection
	GlobalSection(ExtensibilityGlobals) = postSolution
		SolutionGuid = {FC093F6E-C93A-42BB-BA02-60C3B21669EF}
	EndGlobalSection
EndGlobal
