
Microsoft Visual Studio Solution File, Format Version 12.00
# Visual Studio Version 17
VisualStudioVersion = 17.4.33213.308
MinimumVisualStudioVersion = 10.0.40219.1
Project("{888888A0-9F3D-457C-B088-3A5042F75D52}") = "Hello", "Hello\Hello.pyproj", "{7D4A665E-4D08-47FC-84EA-C110C72B2BDE}"
EndProject
Project("{888888A0-9F3D-457C-B088-3A5042F75D52}") = "Bai003", "Bai003\Bai003.pyproj", "{88496D01-BE5E-43F8-A1E4-622408D47865}"
EndProject
Project("{888888A0-9F3D-457C-B088-3A5042F75D52}") = "Bai002", "Bai002\Bai002.pyproj", "{BBA7A484-DEE7-4620-B060-5C9187132EB3}"
EndProject
Project("{888888A0-9F3D-457C-B088-3A5042F75D52}") = "Bai008", "Bai008\Bai008.pyproj", "{BF75EEB6-8BFE-40C9-88FF-29E44C34BCE2}"
EndProject
Project("{888888A0-9F3D-457C-B088-3A5042F75D52}") = "Bai014", "Bai014\Bai014.pyproj", "{7815AA40-67CF-47EA-A1F0-F88827C0EF4D}"
EndProject
Project("{888888A0-9F3D-457C-B088-3A5042F75D52}") = "Bai020", "Bai20\Bai020.pyproj", "{E4402C56-B375-4EC1-BFFD-A74CEBD455B0}"
EndProject
Project("{888888A0-9F3D-457C-B088-3A5042F75D52}") = "Bai026", "Bai026\Bai026.pyproj", "{C0A84D24-B705-4CA5-85D3-1882B1F4EB44}"
EndProject
Project("{888888A0-9F3D-457C-B088-3A5042F75D52}") = "Bai032", "Bai032\Bai032.pyproj", "{20DE1622-694E-47A0-83B7-7F3092915576}"
EndProject
Project("{888888A0-9F3D-457C-B088-3A5042F75D52}") = "Bai038", "Bai038\Bai038.pyproj", "{699C717C-77B4-4AB8-888A-6F6033284A1A}"
EndProject
Project("{888888A0-9F3D-457C-B088-3A5042F75D52}") = "Bai044", "Bai044\Bai044.pyproj", "{958A52E4-8E24-4D69-AD09-73CA34AD462F}"
EndProject
Project("{888888A0-9F3D-457C-B088-3A5042F75D52}") = "Bai050", "Bai050\Bai050.pyproj", "{24E09359-9226-4C78-A989-A8B91F765561}"
EndProject
Project("{888888A0-9F3D-457C-B088-3A5042F75D52}") = "Bai009", "Bai009\Bai009.pyproj", "{36B7713F-65CC-4109-942B-70684C78D7C2}"
EndProject
Project("{888888A0-9F3D-457C-B088-3A5042F75D52}") = "Bai015", "Bai015\Bai015.pyproj", "{5BDF6B4C-04B2-4AE1-ABD1-1A416CBCE0FF}"
EndProject
Project("{888888A0-9F3D-457C-B088-3A5042F75D52}") = "Bai021", "Bai021\Bai021.pyproj", "{23C8B9A4-89A9-40A2-BE4F-BB1801C1E502}"
EndProject
Project("{888888A0-9F3D-457C-B088-3A5042F75D52}") = "Bai027", "Bai027\Bai027.pyproj", "{3418AB2F-6BB5-4692-8DD2-BA314FF759CC}"
EndProject
Project("{888888A0-9F3D-457C-B088-3A5042F75D52}") = "Bai033", "Bai033\Bai033.pyproj", "{6E61FC09-596D-4837-8E44-75E01277D874}"
EndProject
Project("{888888A0-9F3D-457C-B088-3A5042F75D52}") = "Bai039", "Bai039\Bai039.pyproj", "{6C403205-39F8-4B5B-A657-1E64458BC06A}"
EndProject
Project("{888888A0-9F3D-457C-B088-3A5042F75D52}") = "Bai045", "Bai045\Bai045.pyproj", "{15861BEB-CC44-4918-92D0-29B35921C0E4}"
EndProject
Project("{888888A0-9F3D-457C-B088-3A5042F75D52}") = "Bai051", "Bai051\Bai051.pyproj", "{E59136CF-52D1-4FFD-B676-D8B20BD66CDE}"
EndProject
Project("{888888A0-9F3D-457C-B088-3A5042F75D52}") = "Bai110", "Bai110\Bai110.pyproj", "{CCCF7DB9-B7E9-438D-B8CA-911C0905EBB5}"
EndProject
Global
	GlobalSection(SolutionConfigurationPlatforms) = preSolution
		Debug|Any CPU = Debug|Any CPU
		Release|Any CPU = Release|Any CPU
	EndGlobalSection
	GlobalSection(ProjectConfigurationPlatforms) = postSolution
		{7D4A665E-4D08-47FC-84EA-C110C72B2BDE}.Debug|Any CPU.ActiveCfg = Debug|Any CPU
		{7D4A665E-4D08-47FC-84EA-C110C72B2BDE}.Release|Any CPU.ActiveCfg = Release|Any CPU
		{88496D01-BE5E-43F8-A1E4-622408D47865}.Debug|Any CPU.ActiveCfg = Debug|Any CPU
		{88496D01-BE5E-43F8-A1E4-622408D47865}.Release|Any CPU.ActiveCfg = Release|Any CPU
		{BBA7A484-DEE7-4620-B060-5C9187132EB3}.Debug|Any CPU.ActiveCfg = Debug|Any CPU
		{BBA7A484-DEE7-4620-B060-5C9187132EB3}.Release|Any CPU.ActiveCfg = Release|Any CPU
		{BF75EEB6-8BFE-40C9-88FF-29E44C34BCE2}.Debug|Any CPU.ActiveCfg = Debug|Any CPU
		{BF75EEB6-8BFE-40C9-88FF-29E44C34BCE2}.Release|Any CPU.ActiveCfg = Release|Any CPU
		{7815AA40-67CF-47EA-A1F0-F88827C0EF4D}.Debug|Any CPU.ActiveCfg = Debug|Any CPU
		{7815AA40-67CF-47EA-A1F0-F88827C0EF4D}.Release|Any CPU.ActiveCfg = Release|Any CPU
		{E4402C56-B375-4EC1-BFFD-A74CEBD455B0}.Debug|Any CPU.ActiveCfg = Debug|Any CPU
		{E4402C56-B375-4EC1-BFFD-A74CEBD455B0}.Release|Any CPU.ActiveCfg = Release|Any CPU
		{C0A84D24-B705-4CA5-85D3-1882B1F4EB44}.Debug|Any CPU.ActiveCfg = Debug|Any CPU
		{C0A84D24-B705-4CA5-85D3-1882B1F4EB44}.Release|Any CPU.ActiveCfg = Release|Any CPU
		{20DE1622-694E-47A0-83B7-7F3092915576}.Debug|Any CPU.ActiveCfg = Debug|Any CPU
		{20DE1622-694E-47A0-83B7-7F3092915576}.Release|Any CPU.ActiveCfg = Release|Any CPU
		{699C717C-77B4-4AB8-888A-6F6033284A1A}.Debug|Any CPU.ActiveCfg = Debug|Any CPU
		{699C717C-77B4-4AB8-888A-6F6033284A1A}.Release|Any CPU.ActiveCfg = Release|Any CPU
		{958A52E4-8E24-4D69-AD09-73CA34AD462F}.Debug|Any CPU.ActiveCfg = Debug|Any CPU
		{958A52E4-8E24-4D69-AD09-73CA34AD462F}.Release|Any CPU.ActiveCfg = Release|Any CPU
		{24E09359-9226-4C78-A989-A8B91F765561}.Debug|Any CPU.ActiveCfg = Debug|Any CPU
		{24E09359-9226-4C78-A989-A8B91F765561}.Release|Any CPU.ActiveCfg = Release|Any CPU
		{36B7713F-65CC-4109-942B-70684C78D7C2}.Debug|Any CPU.ActiveCfg = Debug|Any CPU
		{36B7713F-65CC-4109-942B-70684C78D7C2}.Release|Any CPU.ActiveCfg = Release|Any CPU
		{5BDF6B4C-04B2-4AE1-ABD1-1A416CBCE0FF}.Debug|Any CPU.ActiveCfg = Debug|Any CPU
		{5BDF6B4C-04B2-4AE1-ABD1-1A416CBCE0FF}.Release|Any CPU.ActiveCfg = Release|Any CPU
		{23C8B9A4-89A9-40A2-BE4F-BB1801C1E502}.Debug|Any CPU.ActiveCfg = Debug|Any CPU
		{23C8B9A4-89A9-40A2-BE4F-BB1801C1E502}.Release|Any CPU.ActiveCfg = Release|Any CPU
		{3418AB2F-6BB5-4692-8DD2-BA314FF759CC}.Debug|Any CPU.ActiveCfg = Debug|Any CPU
		{3418AB2F-6BB5-4692-8DD2-BA314FF759CC}.Release|Any CPU.ActiveCfg = Release|Any CPU
		{6E61FC09-596D-4837-8E44-75E01277D874}.Debug|Any CPU.ActiveCfg = Debug|Any CPU
		{6E61FC09-596D-4837-8E44-75E01277D874}.Release|Any CPU.ActiveCfg = Release|Any CPU
		{6C403205-39F8-4B5B-A657-1E64458BC06A}.Debug|Any CPU.ActiveCfg = Debug|Any CPU
		{6C403205-39F8-4B5B-A657-1E64458BC06A}.Release|Any CPU.ActiveCfg = Release|Any CPU
		{15861BEB-CC44-4918-92D0-29B35921C0E4}.Debug|Any CPU.ActiveCfg = Debug|Any CPU
		{15861BEB-CC44-4918-92D0-29B35921C0E4}.Release|Any CPU.ActiveCfg = Release|Any CPU
		{E59136CF-52D1-4FFD-B676-D8B20BD66CDE}.Debug|Any CPU.ActiveCfg = Debug|Any CPU
		{E59136CF-52D1-4FFD-B676-D8B20BD66CDE}.Release|Any CPU.ActiveCfg = Release|Any CPU
		{CCCF7DB9-B7E9-438D-B8CA-911C0905EBB5}.Debug|Any CPU.ActiveCfg = Debug|Any CPU
		{CCCF7DB9-B7E9-438D-B8CA-911C0905EBB5}.Release|Any CPU.ActiveCfg = Release|Any CPU
	EndGlobalSection
	GlobalSection(SolutionProperties) = preSolution
		HideSolutionNode = FALSE
	EndGlobalSection
	GlobalSection(ExtensibilityGlobals) = postSolution
		SolutionGuid = {FC093F6E-C93A-42BB-BA02-60C3B21669EF}
	EndGlobalSection
EndGlobal
